// !$*UTF8*$!
{
	archiveVersion = 1;
	classes = {
	};
	objectVersion = 77;
	objects = {

/* Begin PBXContainerItemProxy section */
		05AC51482DD746F50079FEA7 /* PBXContainerItemProxy */ = {
			isa = PBXContainerItemProxy;
			containerPortal = 05AC51322DD746F40079FEA7 /* Project object */;
			proxyType = 1;
			remoteGlobalIDString = 05AC51392DD746F40079FEA7;
			remoteInfo = "Flags Challenge";
		};
		05AC51522DD746F50079FEA7 /* PBXContainerItemProxy */ = {
			isa = PBXContainerItemProxy;
			containerPortal = 05AC51322DD746F40079FEA7 /* Project object */;
			proxyType = 1;
			remoteGlobalIDString = 05AC51392DD746F40079FEA7;
			remoteInfo = "Flags Challenge";
		};
/* End PBXContainerItemProxy section */

/* Begin PBXFileReference section */
		05AC513A2DD746F40079FEA7 /* Flags Challenge.app */ = {isa = PBXFileReference; explicitFileType = wrapper.application; includeInIndex = 0; path = "Flags Challenge.app"; sourceTree = BUILT_PRODUCTS_DIR; };
		05AC51472DD746F50079FEA7 /* Flags ChallengeTests.xctest */ = {isa = PBXFileReference; explicitFileType = wrapper.cfbundle; includeInIndex = 0; path = "Flags ChallengeTests.xctest"; sourceTree = BUILT_PRODUCTS_DIR; };
		05AC51512DD746F50079FEA7 /* Flags ChallengeUITests.xctest */ = {isa = PBXFileReference; explicitFileType = wrapper.cfbundle; includeInIndex = 0; path = "Flags ChallengeUITests.xctest"; sourceTree = BUILT_PRODUCTS_DIR; };
/* End PBXFileReference section */

/* Begin PBXFileSystemSynchronizedRootGroup section */
		05AC513C2DD746F40079FEA7 /* Flags Challenge */ = {
			isa = PBXFileSystemSynchronizedRootGroup;
			path = "Flags Challenge";
			sourceTree = "<group>";
		};
		05AC514A2DD746F50079FEA7 /* Flags ChallengeTests */ = {
			isa = PBXFileSystemSynchronizedRootGroup;
			path = "Flags ChallengeTests";
			sourceTree = "<group>";
		};
		05AC51542DD746F50079FEA7 /* Flags ChallengeUITests */ = {
			isa = PBXFileSystemSynchronizedRootGroup;
			path = "Flags ChallengeUITests";
			sourceTree = "<group>";
		};
/* End PBXFileSystemSynchronizedRootGroup section */

/* Begin PBXFrameworksBuildPhase section */
		05AC51372DD746F40079FEA7 /* Frameworks */ = {
			isa = PBXFrameworksBuildPhase;
			buildActionMask = 2147483647;
			files = (
			);
			runOnlyForDeploymentPostprocessing = 0;
		};
		05AC51442DD746F50079FEA7 /* Frameworks */ = {
			isa = PBXFrameworksBuildPhase;
			buildActionMask = 2147483647;
			files = (
			);
			runOnlyForDeploymentPostprocessing = 0;
		};
		05AC514E2DD746F50079FEA7 /* Frameworks */ = {
			isa = PBXFrameworksBuildPhase;
			buildActionMask = 2147483647;
			files = (
			);
			runOnlyForDeploymentPostprocessing = 0;
		};
/* End PBXFrameworksBuildPhase section */

/* Begin PBXGroup section */
		05AC51312DD746F40079FEA7 = {
			isa = PBXGroup;
			children = (
				05AC513C2DD746F40079FEA7 /* Flags Challenge */,
				05AC514A2DD746F50079FEA7 /* Flags ChallengeTests */,
				05AC51542DD746F50079FEA7 /* Flags ChallengeUITests */,
				05AC513B2DD746F40079FEA7 /* Products */,
			);
			sourceTree = "<group>";
		};
		05AC513B2DD746F40079FEA7 /* Products */ = {
			isa = PBXGroup;
			children = (
				05AC513A2DD746F40079FEA7 /* Flags Challenge.app */,
				05AC51472DD746F50079FEA7 /* Flags ChallengeTests.xctest */,
				05AC51512DD746F50079FEA7 /* Flags ChallengeUITests.xctest */,
			);
			name = Products;
			sourceTree = "<group>";
		};
/* End PBXGroup section */

/* Begin PBXNativeTarget section */
		05AC51392DD746F40079FEA7 /* Flags Challenge */ = {
			isa = PBXNativeTarget;
			buildConfigurationList = 05AC515B2DD746F50079FEA7 /* Build configuration list for PBXNativeTarget "Flags Challenge" */;
			buildPhases = (
				05AC51362DD746F40079FEA7 /* Sources */,
				05AC51372DD746F40079FEA7 /* Frameworks */,
				05AC51382DD746F40079FEA7 /* Resources */,
			);
			buildRules = (
			);
			dependencies = (
			);
			fileSystemSynchronizedGroups = (
				05AC513C2DD746F40079FEA7 /* Flags Challenge */,
			);
			name = "Flags Challenge";
			packageProductDependencies = (
			);
			productName = "Flags Challenge";
			productReference = 05AC513A2DD746F40079FEA7 /* Flags Challenge.app */;
			productType = "com.apple.product-type.application";
		};
		05AC51462DD746F50079FEA7 /* Flags ChallengeTests */ = {
			isa = PBXNativeTarget;
			buildConfigurationList = 05AC515E2DD746F50079FEA7 /* Build configuration list for PBXNativeTarget "Flags ChallengeTests" */;
			buildPhases = (
				05AC51432DD746F50079FEA7 /* Sources */,
				05AC51442DD746F50079FEA7 /* Frameworks */,
				05AC51452DD746F50079FEA7 /* Resources */,
			);
			buildRules = (
			);
			dependencies = (
				05AC51492DD746F50079FEA7 /* PBXTargetDependency */,
			);
			fileSystemSynchronizedGroups = (
				05AC514A2DD746F50079FEA7 /* Flags ChallengeTests */,
			);
			name = "Flags ChallengeTests";
			packageProductDependencies = (
			);
			productName = "Flags ChallengeTests";
			productReference = 05AC51472DD746F50079FEA7 /* Flags ChallengeTests.xctest */;
			productType = "com.apple.product-type.bundle.unit-test";
		};
		05AC51502DD746F50079FEA7 /* Flags ChallengeUITests */ = {
			isa = PBXNativeTarget;
			buildConfigurationList = 05AC51612DD746F50079FEA7 /* Build configuration list for PBXNativeTarget "Flags ChallengeUITests" */;
			buildPhases = (
				05AC514D2DD746F50079FEA7 /* Sources */,
				05AC514E2DD746F50079FEA7 /* Frameworks */,
				05AC514F2DD746F50079FEA7 /* Resources */,
			);
			buildRules = (
			);
			dependencies = (
				05AC51532DD746F50079FEA7 /* PBXTargetDependency */,
			);
			fileSystemSynchronizedGroups = (
				05AC51542DD746F50079FEA7 /* Flags ChallengeUITests */,
			);
			name = "Flags ChallengeUITests";
			packageProductDependencies = (
			);
			productName = "Flags ChallengeUITests";
			productReference = 05AC51512DD746F50079FEA7 /* Flags ChallengeUITests.xctest */;
			productType = "com.apple.product-type.bundle.ui-testing";
		};
/* End PBXNativeTarget section */

/* Begin PBXProject section */
		05AC51322DD746F40079FEA7 /* Project object */ = {
			isa = PBXProject;
			attributes = {
				BuildIndependentTargetsInParallel = 1;
				LastSwiftUpdateCheck = 1630;
				LastUpgradeCheck = 1630;
				TargetAttributes = {
					05AC51392DD746F40079FEA7 = {
						CreatedOnToolsVersion = 16.3;
					};
					05AC51462DD746F50079FEA7 = {
						CreatedOnToolsVersion = 16.3;
						TestTargetID = 05AC51392DD746F40079FEA7;
					};
					05AC51502DD746F50079FEA7 = {
						CreatedOnToolsVersion = 16.3;
						TestTargetID = 05AC51392DD746F40079FEA7;
					};
				};
			};
			buildConfigurationList = 05AC51352DD746F40079FEA7 /* Build configuration list for PBXProject "Flags Challenge" */;
			developmentRegion = en;
			hasScannedForEncodings = 0;
			knownRegions = (
				en,
				Base,
			);
			mainGroup = 05AC51312DD746F40079FEA7;
			minimizedProjectReferenceProxies = 1;
			preferredProjectObjectVersion = 77;
			productRefGroup = 05AC513B2DD746F40079FEA7 /* Products */;
			projectDirPath = "";
			projectRoot = "";
			targets = (
				05AC51392DD746F40079FEA7 /* Flags Challenge */,
				05AC51462DD746F50079FEA7 /* Flags ChallengeTests */,
				05AC51502DD746F50079FEA7 /* Flags ChallengeUITests */,
			);
		};
/* End PBXProject section */

/* Begin PBXResourcesBuildPhase section */
		05AC51382DD746F40079FEA7 /* Resources */ = {
			isa = PBXResourcesBuildPhase;
			buildActionMask = 2147483647;
			files = (
			);
			runOnlyForDeploymentPostprocessing = 0;
		};
		05AC51452DD746F50079FEA7 /* Resources */ = {
			isa = PBXResourcesBuildPhase;
			buildActionMask = 2147483647;
			files = (
			);
			runOnlyForDeploymentPostprocessing = 0;
		};
		05AC514F2DD746F50079FEA7 /* Resources */ = {
			isa = PBXResourcesBuildPhase;
			buildActionMask = 2147483647;
			files = (
			);
			runOnlyForDeploymentPostprocessing = 0;
		};
/* End PBXResourcesBuildPhase section */

/* Begin PBXSourcesBuildPhase section */
		05AC51362DD746F40079FEA7 /* Sources */ = {
			isa = PBXSourcesBuildPhase;
			buildActionMask = 2147483647;
			files = (
			);
			runOnlyForDeploymentPostprocessing = 0;
		};
		05AC51432DD746F50079FEA7 /* Sources */ = {
			isa = PBXSourcesBuildPhase;
			buildActionMask = 2147483647;
			files = (
			);
			runOnlyForDeploymentPostprocessing = 0;
		};
		05AC514D2DD746F50079FEA7 /* Sources */ = {
			isa = PBXSourcesBuildPhase;
			buildActionMask = 2147483647;
			files = (
			);
			runOnlyForDeploymentPostprocessing = 0;
		};
/* End PBXSourcesBuildPhase section */

/* Begin PBXTargetDependency section */
		05AC51492DD746F50079FEA7 /* PBXTargetDependency */ = {
			isa = PBXTargetDependency;
			target = 05AC51392DD746F40079FEA7 /* Flags Challenge */;
			targetProxy = 05AC51482DD746F50079FEA7 /* PBXContainerItemProxy */;
		};
		05AC51532DD746F50079FEA7 /* PBXTargetDependency */ = {
			isa = PBXTargetDependency;
			target = 05AC51392DD746F40079FEA7 /* Flags Challenge */;
			targetProxy = 05AC51522DD746F50079FEA7 /* PBXContainerItemProxy */;
		};
/* End PBXTargetDependency section */

/* Begin XCBuildConfiguration section */
		05AC51592DD746F50079FEA7 /* Debug */ = {
			isa = XCBuildConfiguration;
			buildSettings = {
				ALWAYS_SEARCH_USER_PATHS = NO;
				ASSETCATALOG_COMPILER_GENERATE_SWIFT_ASSET_SYMBOL_EXTENSIONS = YES;
				CLANG_ANALYZER_NONNULL = YES;
				CLANG_ANALYZER_NUMBER_OBJECT_CONVERSION = YES_AGGRESSIVE;
				CLANG_CXX_LANGUAGE_STANDARD = "gnu++20";
				CLANG_ENABLE_MODULES = YES;
				CLANG_ENABLE_OBJC_ARC = YES;
				CLANG_ENABLE_OBJC_WEAK = YES;
				CLANG_WARN_BLOCK_CAPTURE_AUTORELEASING = YES;
				CLANG_WARN_BOOL_CONVERSION = YES;
				CLANG_WARN_COMMA = YES;
				CLANG_WARN_CONSTANT_CONVERSION = YES;
				CLANG_WARN_DEPRECATED_OBJC_IMPLEMENTATIONS = YES;
				CLANG_WARN_DIRECT_OBJC_ISA_USAGE = YES_ERROR;
				CLANG_WARN_DOCUMENTATION_COMMENTS = YES;
				CLANG_WARN_EMPTY_BODY = YES;
				CLANG_WARN_ENUM_CONVERSION = YES;
				CLANG_WARN_INFINITE_RECURSION = YES;
				CLANG_WARN_INT_CONVERSION = YES;
				CLANG_WARN_NON_LITERAL_NULL_CONVERSION = YES;
				CLANG_WARN_OBJC_IMPLICIT_RETAIN_SELF = YES;
				CLANG_WARN_OBJC_LITERAL_CONVERSION = YES;
				CLANG_WARN_OBJC_ROOT_CLASS = YES_ERROR;
				CLANG_WARN_QUOTED_INCLUDE_IN_FRAMEWORK_HEADER = YES;
				CLANG_WARN_RANGE_LOOP_ANALYSIS = YES;
				CLANG_WARN_STRICT_PROTOTYPES = YES;
				CLANG_WARN_SUSPICIOUS_MOVE = YES;
				CLANG_WARN_UNGUARDED_AVAILABILITY = YES_AGGRESSIVE;
				CLANG_WARN_UNREACHABLE_CODE = YES;
				CLANG_WARN__DUPLICATE_METHOD_MATCH = YES;
				COPY_PHASE_STRIP = NO;
				DEBUG_INFORMATION_FORMAT = dwarf;
				ENABLE_STRICT_OBJC_MSGSEND = YES;
				ENABLE_TESTABILITY = YES;
				ENABLE_USER_SCRIPT_SANDBOXING = YES;
				GCC_C_LANGUAGE_STANDARD = gnu17;
				GCC_DYNAMIC_NO_PIC = NO;
				GCC_NO_COMMON_BLOCKS = YES;
				GCC_OPTIMIZATION_LEVEL = 0;
				GCC_PREPROCESSOR_DEFINITIONS = (
					"DEBUG=1",
					"$(inherited)",
				);
				GCC_WARN_64_TO_32_BIT_CONVERSION = YES;
				GCC_WARN_ABOUT_RETURN_TYPE = YES_ERROR;
				GCC_WARN_UNDECLARED_SELECTOR = YES;
				GCC_WARN_UNINITIALIZED_AUTOS = YES_AGGRESSIVE;
				GCC_WARN_UNUSED_FUNCTION = YES;
				GCC_WARN_UNUSED_VARIABLE = YES;
				IPHONEOS_DEPLOYMENT_TARGET = 18.4;
				LOCALIZATION_PREFERS_STRING_CATALOGS = YES;
				MTL_ENABLE_DEBUG_INFO = INCLUDE_SOURCE;
				MTL_FAST_MATH = YES;
				ONLY_ACTIVE_ARCH = YES;
				SDKROOT = iphoneos;
				SWIFT_ACTIVE_COMPILATION_CONDITIONS = "DEBUG $(inherited)";
				SWIFT_OPTIMIZATION_LEVEL = "-Onone";
			};
			name = Debug;
		};
		05AC515A2DD746F50079FEA7 /* Release */ = {
			isa = XCBuildConfiguration;
			buildSettings = {
				ALWAYS_SEARCH_USER_PATHS = NO;
				ASSETCATALOG_COMPILER_GENERATE_SWIFT_ASSET_SYMBOL_EXTENSIONS = YES;
				CLANG_ANALYZER_NONNULL = YES;
				CLANG_ANALYZER_NUMBER_OBJECT_CONVERSION = YES_AGGRESSIVE;
				CLANG_CXX_LANGUAGE_STANDARD = "gnu++20";
				CLANG_ENABLE_MODULES = YES;
				CLANG_ENABLE_OBJC_ARC = YES;
				CLANG_ENABLE_OBJC_WEAK = YES;
				CLANG_WARN_BLOCK_CAPTURE_AUTORELEASING = YES;
				CLANG_WARN_BOOL_CONVERSION = YES;
				CLANG_WARN_COMMA = YES;
				CLANG_WARN_CONSTANT_CONVERSION = YES;
				CLANG_WARN_DEPRECATED_OBJC_IMPLEMENTATIONS = YES;
				CLANG_WARN_DIRECT_OBJC_ISA_USAGE = YES_ERROR;
				CLANG_WARN_DOCUMENTATION_COMMENTS = YES;
				CLANG_WARN_EMPTY_BODY = YES;
				CLANG_WARN_ENUM_CONVERSION = YES;
				CLANG_WARN_INFINITE_RECURSION = YES;
				CLANG_WARN_INT_CONVERSION = YES;
				CLANG_WARN_NON_LITERAL_NULL_CONVERSION = YES;
				CLANG_WARN_OBJC_IMPLICIT_RETAIN_SELF = YES;
				CLANG_WARN_OBJC_LITERAL_CONVERSION = YES;
				CLANG_WARN_OBJC_ROOT_CLASS = YES_ERROR;
				CLANG_WARN_QUOTED_INCLUDE_IN_FRAMEWORK_HEADER = YES;
				CLANG_WARN_RANGE_LOOP_ANALYSIS = YES;
				CLANG_WARN_STRICT_PROTOTYPES = YES;
				CLANG_WARN_SUSPICIOUS_MOVE = YES;
				CLANG_WARN_UNGUARDED_AVAILABILITY = YES_AGGRESSIVE;
				CLANG_WARN_UNREACHABLE_CODE = YES;
				CLANG_WARN__DUPLICATE_METHOD_MATCH = YES;
				COPY_PHASE_STRIP = NO;
				DEBUG_INFORMATION_FORMAT = "dwarf-with-dsym";
				ENABLE_NS_ASSERTIONS = NO;
				ENABLE_STRICT_OBJC_MSGSEND = YES;
				ENABLE_USER_SCRIPT_SANDBOXING = YES;
				GCC_C_LANGUAGE_STANDARD = gnu17;
				GCC_NO_COMMON_BLOCKS = YES;
				GCC_WARN_64_TO_32_BIT_CONVERSION = YES;
				GCC_WARN_ABOUT_RETURN_TYPE = YES_ERROR;
				GCC_WARN_UNDECLARED_SELECTOR = YES;
				GCC_WARN_UNINITIALIZED_AUTOS = YES_AGGRESSIVE;
				GCC_WARN_UNUSED_FUNCTION = YES;
				GCC_WARN_UNUSED_VARIABLE = YES;
				IPHONEOS_DEPLOYMENT_TARGET = 18.4;
				LOCALIZATION_PREFERS_STRING_CATALOGS = YES;
				MTL_ENABLE_DEBUG_INFO = NO;
				MTL_FAST_MATH = YES;
				SDKROOT = iphoneos;
				SWIFT_COMPILATION_MODE = wholemodule;
				VALIDATE_PRODUCT = YES;
			};
			name = Release;
		};
		05AC515C2DD746F50079FEA7 /* Debug */ = {
			isa = XCBuildConfiguration;
			buildSettings = {
				ASSETCATALOG_COMPILER_APPICON_NAME = AppIcon;
				ASSETCATALOG_COMPILER_GLOBAL_ACCENT_COLOR_NAME = AccentColor;
				CODE_SIGN_STYLE = Automatic;
				CURRENT_PROJECT_VERSION = 1;
				ENABLE_PREVIEWS = YES;
				GENERATE_INFOPLIST_FILE = YES;
				INFOPLIST_KEY_UIApplicationSceneManifest_Generation = YES;
				INFOPLIST_KEY_UIApplicationSupportsIndirectInputEvents = YES;
				INFOPLIST_KEY_UILaunchScreen_Generation = YES;
				INFOPLIST_KEY_UISupportedInterfaceOrientations_iPad = "UIInterfaceOrientationPortrait UIInterfaceOrientationPortraitUpsideDown UIInterfaceOrientationLandscapeLeft UIInterfaceOrientationLandscapeRight";
				INFOPLIST_KEY_UISupportedInterfaceOrientations_iPhone = "UIInterfaceOrientationPortrait UIInterfaceOrientationLandscapeLeft UIInterfaceOrientationLandscapeRight";
				LD_RUNPATH_SEARCH_PATHS = (
					"$(inherited)",
					"@executable_path/Frameworks",
				);
				MARKETING_VERSION = 1.0;
				PRODUCT_BUNDLE_IDENTIFIER = "com.sreejesh.flags.Flags-Challenge";
				PRODUCT_NAME = "$(TARGET_NAME)";
				SWIFT_EMIT_LOC_STRINGS = YES;
				SWIFT_VERSION = 5.0;
				TARGETED_DEVICE_FAMILY = "1,2";
			};
			name = Debug;
		};
		05AC515D2DD746F50079FEA7 /* Release */ = {
			isa = XCBuildConfiguration;
			buildSettings = {
				ASSETCATALOG_COMPILER_APPICON_NAME = AppIcon;
				ASSETCATALOG_COMPILER_GLOBAL_ACCENT_COLOR_NAME = AccentColor;
				CODE_SIGN_STYLE = Automatic;
				CURRENT_PROJECT_VERSION = 1;
				ENABLE_PREVIEWS = YES;
				GENERATE_INFOPLIST_FILE = YES;
				INFOPLIST_KEY_UIApplicationSceneManifest_Generation = YES;
				INFOPLIST_KEY_UIApplicationSupportsIndirectInputEvents = YES;
				INFOPLIST_KEY_UILaunchScreen_Generation = YES;
				INFOPLIST_KEY_UISupportedInterfaceOrientations_iPad = "UIInterfaceOrientationPortrait UIInterfaceOrientationPortraitUpsideDown UIInterfaceOrientationLandscapeLeft UIInterfaceOrientationLandscapeRight";
				INFOPLIST_KEY_UISupportedInterfaceOrientations_iPhone = "UIInterfaceOrientationPortrait UIInterfaceOrientationLandscapeLeft UIInterfaceOrientationLandscapeRight";
				LD_RUNPATH_SEARCH_PATHS = (
					"$(inherited)",
					"@executable_path/Frameworks",
				);
				MARKETING_VERSION = 1.0;
				PRODUCT_BUNDLE_IDENTIFIER = "com.sreejesh.flags.Flags-Challenge";
				PRODUCT_NAME = "$(TARGET_NAME)";
				SWIFT_EMIT_LOC_STRINGS = YES;
				SWIFT_VERSION = 5.0;
				TARGETED_DEVICE_FAMILY = "1,2";
			};
			name = Release;
		};
		05AC515F2DD746F50079FEA7 /* Debug */ = {
			isa = XCBuildConfiguration;
			buildSettings = {
				BUNDLE_LOADER = "$(TEST_HOST)";
				CODE_SIGN_STYLE = Automatic;
				CURRENT_PROJECT_VERSION = 1;
				GENERATE_INFOPLIST_FILE = YES;
				IPHONEOS_DEPLOYMENT_TARGET = 18.4;
				MARKETING_VERSION = 1.0;
				PRODUCT_BUNDLE_IDENTIFIER = "com.sreejesh.flags.Flags-ChallengeTests";
				PRODUCT_NAME = "$(TARGET_NAME)";
				SWIFT_EMIT_LOC_STRINGS = NO;
				SWIFT_VERSION = 5.0;
				TARGETED_DEVICE_FAMILY = "1,2";
				TEST_HOST = "$(BUILT_PRODUCTS_DIR)/Flags Challenge.app/$(BUNDLE_EXECUTABLE_FOLDER_PATH)/Flags Challenge";
			};
			name = Debug;
		};
		05AC51602DD746F50079FEA7 /* Release */ = {
			isa = XCBuildConfiguration;
			buildSettings = {
				BUNDLE_LOADER = "$(TEST_HOST)";
				CODE_SIGN_STYLE = Automatic;
				CURRENT_PROJECT_VERSION = 1;
				GENERATE_INFOPLIST_FILE = YES;
				IPHONEOS_DEPLOYMENT_TARGET = 18.4;
				MARKETING_VERSION = 1.0;
				PRODUCT_BUNDLE_IDENTIFIER = "com.sreejesh.flags.Flags-ChallengeTests";
				PRODUCT_NAME = "$(TARGET_NAME)";
				SWIFT_EMIT_LOC_STRINGS = NO;
				SWIFT_VERSION = 5.0;
				TARGETED_DEVICE_FAMILY = "1,2";
				TEST_HOST = "$(BUILT_PRODUCTS_DIR)/Flags Challenge.app/$(BUNDLE_EXECUTABLE_FOLDER_PATH)/Flags Challenge";
			};
			name = Release;
		};
		05AC51622DD746F50079FEA7 /* Debug */ = {
			isa = XCBuildConfiguration;
			buildSettings = {
				CODE_SIGN_STYLE = Automatic;
				CURRENT_PROJECT_VERSION = 1;
				GENERATE_INFOPLIST_FILE = YES;
				MARKETING_VERSION = 1.0;
				PRODUCT_BUNDLE_IDENTIFIER = "com.sreejesh.flags.Flags-ChallengeUITests";
				PRODUCT_NAME = "$(TARGET_NAME)";
				SWIFT_EMIT_LOC_STRINGS = NO;
				SWIFT_VERSION = 5.0;
				TARGETED_DEVICE_FAMILY = "1,2";
				TEST_TARGET_NAME = "Flags Challenge";
			};
			name = Debug;
		};
		05AC51632DD746F50079FEA7 /* Release */ = {
			isa = XCBuildConfiguration;
			buildSettings = {
				CODE_SIGN_STYLE = Automatic;
				CURRENT_PROJECT_VERSION = 1;
				GENERATE_INFOPLIST_FILE = YES;
				MARKETING_VERSION = 1.0;
				PRODUCT_BUNDLE_IDENTIFIER = "com.sreejesh.flags.Flags-ChallengeUITests";
				PRODUCT_NAME = "$(TARGET_NAME)";
				SWIFT_EMIT_LOC_STRINGS = NO;
				SWIFT_VERSION = 5.0;
				TARGETED_DEVICE_FAMILY = "1,2";
				TEST_TARGET_NAME = "Flags Challenge";
			};
			name = Release;
		};
/* End XCBuildConfiguration section */

/* Begin XCConfigurationList section */
		05AC51352DD746F40079FEA7 /* Build configuration list for PBXProject "Flags Challenge" */ = {
			isa = XCConfigurationList;
			buildConfigurations = (
				05AC51592DD746F50079FEA7 /* Debug */,
				05AC515A2DD746F50079FEA7 /* Release */,
			);
			defaultConfigurationIsVisible = 0;
			defaultConfigurationName = Release;
		};
		05AC515B2DD746F50079FEA7 /* Build configuration list for PBXNativeTarget "Flags Challenge" */ = {
			isa = XCConfigurationList;
			buildConfigurations = (
				05AC515C2DD746F50079FEA7 /* Debug */,
				05AC515D2DD746F50079FEA7 /* Release */,
			);
			defaultConfigurationIsVisible = 0;
			defaultConfigurationName = Release;
		};
		05AC515E2DD746F50079FEA7 /* Build configuration list for PBXNativeTarget "Flags ChallengeTests" */ = {
			isa = XCConfigurationList;
			buildConfigurations = (
				05AC515F2DD746F50079FEA7 /* Debug */,
				05AC51602DD746F50079FEA7 /* Release */,
			);
			defaultConfigurationIsVisible = 0;
			defaultConfigurationName = Release;
		};
		05AC51612DD746F50079FEA7 /* Build configuration list for PBXNativeTarget "Flags ChallengeUITests" */ = {
			isa = XCConfigurationList;
			buildConfigurations = (
				05AC51622DD746F50079FEA7 /* Debug */,
				05AC51632DD746F50079FEA7 /* Release */,
			);
			defaultConfigurationIsVisible = 0;
			defaultConfigurationName = Release;
		};
/* End XCConfigurationList section */
	};
	rootObject = 05AC51322DD746F40079FEA7 /* Project object */;
}
